
Microsoft Visual Studio Solution File, Format Version 12.00
# Visual Studio Version 17
VisualStudioVersion = 17.4.33213.308
MinimumVisualStudioVersion = 10.0.40219.1
Project("{FAE04EC0-301F-11D3-BF4B-00C04F79EFBC}") = "WebAPI", "WebAPI\WebAPI.csproj", "{197E7BE8-2346-4914-8EEA-E01045F5AF76}"
EndProject
Project("{FAE04EC0-301F-11D3-BF4B-00C04F79EFBC}") = "Entities", "Entities\Entities.csproj", "{8154424E-48B2-48E8-8677-A9CF20CDEFD3}"
EndProject
Project("{FAE04EC0-301F-11D3-BF4B-00C04F79EFBC}") = "DataAccess", "DataAccess\DataAccess.csproj", "{72EE8E27-4A57-4031-A81F-D2B400EC4634}"
EndProject
Project("{FAE04EC0-301F-11D3-BF4B-00C04F79EFBC}") = "Business", "Business\Business.csproj", "{F3A79D55-EC57-45F2-B83C-C5A73C3F37D2}"
EndProject
Project("{FAE04EC0-301F-11D3-BF4B-00C04F79EFBC}") = "Core", "Core\Core.csproj", "{7D9F7389-14DB-48DA-BAD1-8D8295D767C8}"
EndProject
Global
	GlobalSection(SolutionConfigurationPlatforms) = preSolution
		Debug|Any CPU = Debug|Any CPU
		Release|Any CPU = Release|Any CPU
	EndGlobalSection
	GlobalSection(ProjectConfigurationPlatforms) = postSolution
		{197E7BE8-2346-4914-8EEA-E01045F5AF76}.Debug|Any CPU.ActiveCfg = Debug|Any CPU
		{197E7BE8-2346-4914-8EEA-E01045F5AF76}.Debug|Any CPU.Build.0 = Debug|Any CPU
		{197E7BE8-2346-4914-8EEA-E01045F5AF76}.Release|Any CPU.ActiveCfg = Release|Any CPU
		{197E7BE8-2346-4914-8EEA-E01045F5AF76}.Release|Any CPU.Build.0 = Release|Any CPU
		{8154424E-48B2-48E8-8677-A9CF20CDEFD3}.Debug|Any CPU.ActiveCfg = Debug|Any CPU
		{8154424E-48B2-48E8-8677-A9CF20CDEFD3}.Debug|Any CPU.Build.0 = Debug|Any CPU
		{8154424E-48B2-48E8-8677-A9CF20CDEFD3}.Release|Any CPU.ActiveCfg = Release|Any CPU
		{8154424E-48B2-48E8-8677-A9CF20CDEFD3}.Release|Any CPU.Build.0 = Release|Any CPU
		{72EE8E27-4A57-4031-A81F-D2B400EC4634}.Debug|Any CPU.ActiveCfg = Debug|Any CPU
		{72EE8E27-4A57-4031-A81F-D2B400EC4634}.Debug|Any CPU.Build.0 = Debug|Any CPU
		{72EE8E27-4A57-4031-A81F-D2B400EC4634}.Release|Any CPU.ActiveCfg = Release|Any CPU
		{72EE8E27-4A57-4031-A81F-D2B400EC4634}.Release|Any CPU.Build.0 = Release|Any CPU
		{F3A79D55-EC57-45F2-B83C-C5A73C3F37D2}.Debug|Any CPU.ActiveCfg = Debug|Any CPU
		{F3A79D55-EC57-45F2-B83C-C5A73C3F37D2}.Debug|Any CPU.Build.0 = Debug|Any CPU
		{F3A79D55-EC57-45F2-B83C-C5A73C3F37D2}.Release|Any CPU.ActiveCfg = Release|Any CPU
		{F3A79D55-EC57-45F2-B83C-C5A73C3F37D2}.Release|Any CPU.Build.0 = Release|Any CPU
		{7D9F7389-14DB-48DA-BAD1-8D8295D767C8}.Debug|Any CPU.ActiveCfg = Debug|Any CPU
		{7D9F7389-14DB-48DA-BAD1-8D8295D767C8}.Debug|Any CPU.Build.0 = Debug|Any CPU
		{7D9F7389-14DB-48DA-BAD1-8D8295D767C8}.Release|Any CPU.ActiveCfg = Release|Any CPU
		{7D9F7389-14DB-48DA-BAD1-8D8295D767C8}.Release|Any CPU.Build.0 = Release|Any CPU
	EndGlobalSection
	GlobalSection(SolutionProperties) = preSolution
		HideSolutionNode = FALSE
	EndGlobalSection
	GlobalSection(ExtensibilityGlobals) = postSolution
		SolutionGuid = {C1EF718E-86A4-4C24-B340-B493DC3F1BD1}
	EndGlobalSection
EndGlobal
